
Microsoft Visual Studio Solution File, Format Version 12.00
# Visual Studio Version 16
VisualStudioVersion = 16.0.31220.234
MinimumVisualStudioVersion = 10.0.40219.1
Project("{FAE04EC0-301F-11D3-BF4B-00C04F79EFBC}") = "ExamPaperMakerDebugger", "ExamPaperMakerDebugger\ExamPaperMakerDebugger.csproj", "{B7049D29-6D8D-4F1B-BF5C-4570DE3A0002}"
EndProject
Global
	GlobalSection(SolutionConfigurationPlatforms) = preSolution
		Debug|Any CPU = Debug|Any CPU
		Release|Any CPU = Release|Any CPU
	EndGlobalSection
	GlobalSection(ProjectConfigurationPlatforms) = postSolution
		{B7049D29-6D8D-4F1B-BF5C-4570DE3A0002}.Debug|Any CPU.ActiveCfg = Debug|Any CPU
		{B7049D29-6D8D-4F1B-BF5C-4570DE3A0002}.Debug|Any CPU.Build.0 = Debug|Any CPU
		{B7049D29-6D8D-4F1B-BF5C-4570DE3A0002}.Release|Any CPU.ActiveCfg = Release|Any CPU
		{B7049D29-6D8D-4F1B-BF5C-4570DE3A0002}.Release|Any CPU.Build.0 = Release|Any CPU
	EndGlobalSection
	GlobalSection(SolutionProperties) = preSolution
		HideSolutionNode = FALSE
	EndGlobalSection
	GlobalSection(ExtensibilityGlobals) = postSolution
		SolutionGuid = {82FED126-CEB8-427F-871F-146D94576188}
	EndGlobalSection
EndGlobal
